
Microsoft Visual Studio Solution File, Format Version 12.00
# Visual Studio Version 17
VisualStudioVersion = 17.1.32210.238
MinimumVisualStudioVersion = 10.0.40219.1
Project("{2150E333-8FDC-42A3-9474-1A3956D46DE8}") = "AudioPlugSharp", "AudioPlugSharp", "{F64C9493-7459-41BE-9472-E14CA53B467B}"
EndProject
Project("{9A19103F-16F7-4668-BE54-9A1E7A4F7556}") = "AudioPlugSharp", "AudioPlugSharp\AudioPlugSharp\AudioPlugSharp.csproj", "{56A4E1F5-B05B-4D62-ADBE-9BE5CE0EA9EC}"
EndProject
Project("{8BC9CEB8-8B4A-11D0-8D11-00A0C91BC942}") = "AudioPlugSharpVst", "AudioPlugSharp\AudioPlugSharpVst\AudioPlugSharpVst.vcxproj", "{99BCC0C3-3295-4AF3-A7CF-5ED582D2FD30}"
	ProjectSection(ProjectDependencies) = postProject
		{21654808-A78D-3F63-8BCD-CF121E4EC3DA} = {21654808-A78D-3F63-8BCD-CF121E4EC3DA}
		{CBF50F1D-5FC8-3543-B95C-F6A69258F31D} = {CBF50F1D-5FC8-3543-B95C-F6A69258F31D}
		{12656F1F-1146-3FB5-8901-28B1384EA0D4} = {12656F1F-1146-3FB5-8901-28B1384EA0D4}
		{7835D46C-C96C-389E-AA62-3757B43FA807} = {7835D46C-C96C-389E-AA62-3757B43FA807}
		{56A4E1F5-B05B-4D62-ADBE-9BE5CE0EA9EC} = {56A4E1F5-B05B-4D62-ADBE-9BE5CE0EA9EC}
	EndProjectSection
EndProject
Project("{9A19103F-16F7-4668-BE54-9A1E7A4F7556}") = "AudioPlugSharpWPF", "AudioPlugSharp\AudioPlugSharpWPF\AudioPlugSharpWPF.csproj", "{70C75B6E-D01A-4CA1-8ADB-E6931D13EE78}"
EndProject
Project("{2150E333-8FDC-42A3-9474-1A3956D46DE8}") = "vstsdk", "vstsdk", "{F0D93865-4599-412E-8FCE-AA9EBBC55D3F}"
EndProject
Project("{8BC9CEB8-8B4A-11D0-8D11-00A0C91BC942}") = "base", "AudioPlugSharp\vstbuild\base\base.vcxproj", "{CBF50F1D-5FC8-3543-B95C-F6A69258F31D}"
EndProject
Project("{8BC9CEB8-8B4A-11D0-8D11-00A0C91BC942}") = "pluginterfaces", "AudioPlugSharp\vstbuild\pluginterfaces\pluginterfaces.vcxproj", "{21654808-A78D-3F63-8BCD-CF121E4EC3DA}"
EndProject
Project("{8BC9CEB8-8B4A-11D0-8D11-00A0C91BC942}") = "sdk", "AudioPlugSharp\vstbuild\public.sdk\sdk.vcxproj", "{7835D46C-C96C-389E-AA62-3757B43FA807}"
EndProject
Project("{8BC9CEB8-8B4A-11D0-8D11-00A0C91BC942}") = "sdk_common", "AudioPlugSharp\vstbuild\public.sdk\sdk_common.vcxproj", "{12656F1F-1146-3FB5-8901-28B1384EA0D4}"
EndProject
Project("{9A19103F-16F7-4668-BE54-9A1E7A4F7556}") = "RXG100RE", "RXG100RE\RXG100RE.csproj", "{E672E701-3DB4-4D8F-803C-02E84F5FA2B0}"
	ProjectSection(ProjectDependencies) = postProject
		{99BCC0C3-3295-4AF3-A7CF-5ED582D2FD30} = {99BCC0C3-3295-4AF3-A7CF-5ED582D2FD30}
	EndProjectSection
EndProject
Project("{9A19103F-16F7-4668-BE54-9A1E7A4F7556}") = "DebugHost", "DebugHost\DebugHost.csproj", "{D18366C6-8302-4703-AEB5-AEC38E72469F}"
EndProject
Global
	GlobalSection(SolutionConfigurationPlatforms) = preSolution
		Debug|Any CPU = Debug|Any CPU
		Debug|x64 = Debug|x64
		Debug|x86 = Debug|x86
		Release|Any CPU = Release|Any CPU
		Release|x64 = Release|x64
		Release|x86 = Release|x86
	EndGlobalSection
	GlobalSection(ProjectConfigurationPlatforms) = postSolution
		{56A4E1F5-B05B-4D62-ADBE-9BE5CE0EA9EC}.Debug|Any CPU.ActiveCfg = Debug|Any CPU
		{56A4E1F5-B05B-4D62-ADBE-9BE5CE0EA9EC}.Debug|Any CPU.Build.0 = Debug|Any CPU
		{56A4E1F5-B05B-4D62-ADBE-9BE5CE0EA9EC}.Debug|x64.ActiveCfg = Debug|Any CPU
		{56A4E1F5-B05B-4D62-ADBE-9BE5CE0EA9EC}.Debug|x64.Build.0 = Debug|Any CPU
		{56A4E1F5-B05B-4D62-ADBE-9BE5CE0EA9EC}.Debug|x86.ActiveCfg = Debug|Any CPU
		{56A4E1F5-B05B-4D62-ADBE-9BE5CE0EA9EC}.Debug|x86.Build.0 = Debug|Any CPU
		{56A4E1F5-B05B-4D62-ADBE-9BE5CE0EA9EC}.Release|Any CPU.ActiveCfg = Release|Any CPU
		{56A4E1F5-B05B-4D62-ADBE-9BE5CE0EA9EC}.Release|Any CPU.Build.0 = Release|Any CPU
		{56A4E1F5-B05B-4D62-ADBE-9BE5CE0EA9EC}.Release|x64.ActiveCfg = Release|Any CPU
		{56A4E1F5-B05B-4D62-ADBE-9BE5CE0EA9EC}.Release|x64.Build.0 = Release|Any CPU
		{56A4E1F5-B05B-4D62-ADBE-9BE5CE0EA9EC}.Release|x86.ActiveCfg = Release|Any CPU
		{56A4E1F5-B05B-4D62-ADBE-9BE5CE0EA9EC}.Release|x86.Build.0 = Release|Any CPU
		{99BCC0C3-3295-4AF3-A7CF-5ED582D2FD30}.Debug|Any CPU.ActiveCfg = Debug|x64
		{99BCC0C3-3295-4AF3-A7CF-5ED582D2FD30}.Debug|Any CPU.Build.0 = Debug|x64
		{99BCC0C3-3295-4AF3-A7CF-5ED582D2FD30}.Debug|x64.ActiveCfg = Debug|x64
		{99BCC0C3-3295-4AF3-A7CF-5ED582D2FD30}.Debug|x64.Build.0 = Debug|x64
		{99BCC0C3-3295-4AF3-A7CF-5ED582D2FD30}.Debug|x86.ActiveCfg = Debug|Win32
		{99BCC0C3-3295-4AF3-A7CF-5ED582D2FD30}.Debug|x86.Build.0 = Debug|Win32
		{99BCC0C3-3295-4AF3-A7CF-5ED582D2FD30}.Release|Any CPU.ActiveCfg = Release|x64
		{99BCC0C3-3295-4AF3-A7CF-5ED582D2FD30}.Release|Any CPU.Build.0 = Release|x64
		{99BCC0C3-3295-4AF3-A7CF-5ED582D2FD30}.Release|x64.ActiveCfg = Release|x64
		{99BCC0C3-3295-4AF3-A7CF-5ED582D2FD30}.Release|x64.Build.0 = Release|x64
		{99BCC0C3-3295-4AF3-A7CF-5ED582D2FD30}.Release|x86.ActiveCfg = Release|Win32
		{99BCC0C3-3295-4AF3-A7CF-5ED582D2FD30}.Release|x86.Build.0 = Release|Win32
		{70C75B6E-D01A-4CA1-8ADB-E6931D13EE78}.Debug|Any CPU.ActiveCfg = Debug|Any CPU
		{70C75B6E-D01A-4CA1-8ADB-E6931D13EE78}.Debug|Any CPU.Build.0 = Debug|Any CPU
		{70C75B6E-D01A-4CA1-8ADB-E6931D13EE78}.Debug|x64.ActiveCfg = Debug|Any CPU
		{70C75B6E-D01A-4CA1-8ADB-E6931D13EE78}.Debug|x64.Build.0 = Debug|Any CPU
		{70C75B6E-D01A-4CA1-8ADB-E6931D13EE78}.Debug|x86.ActiveCfg = Debug|Any CPU
		{70C75B6E-D01A-4CA1-8ADB-E6931D13EE78}.Debug|x86.Build.0 = Debug|Any CPU
		{70C75B6E-D01A-4CA1-8ADB-E6931D13EE78}.Release|Any CPU.ActiveCfg = Release|Any CPU
		{70C75B6E-D01A-4CA1-8ADB-E6931D13EE78}.Release|Any CPU.Build.0 = Release|Any CPU
		{70C75B6E-D01A-4CA1-8ADB-E6931D13EE78}.Release|x64.ActiveCfg = Release|Any CPU
		{70C75B6E-D01A-4CA1-8ADB-E6931D13EE78}.Release|x64.Build.0 = Release|Any CPU
		{70C75B6E-D01A-4CA1-8ADB-E6931D13EE78}.Release|x86.ActiveCfg = Release|Any CPU
		{70C75B6E-D01A-4CA1-8ADB-E6931D13EE78}.Release|x86.Build.0 = Release|Any CPU
		{CBF50F1D-5FC8-3543-B95C-F6A69258F31D}.Debug|Any CPU.ActiveCfg = Debug|x64
		{CBF50F1D-5FC8-3543-B95C-F6A69258F31D}.Debug|Any CPU.Build.0 = Debug|x64
		{CBF50F1D-5FC8-3543-B95C-F6A69258F31D}.Debug|x64.ActiveCfg = Debug|x64
		{CBF50F1D-5FC8-3543-B95C-F6A69258F31D}.Debug|x64.Build.0 = Debug|x64
		{CBF50F1D-5FC8-3543-B95C-F6A69258F31D}.Debug|x86.ActiveCfg = Debug|x64
		{CBF50F1D-5FC8-3543-B95C-F6A69258F31D}.Debug|x86.Build.0 = Debug|x64
		{CBF50F1D-5FC8-3543-B95C-F6A69258F31D}.Release|Any CPU.ActiveCfg = Release|x64
		{CBF50F1D-5FC8-3543-B95C-F6A69258F31D}.Release|Any CPU.Build.0 = Release|x64
		{CBF50F1D-5FC8-3543-B95C-F6A69258F31D}.Release|x64.ActiveCfg = Release|x64
		{CBF50F1D-5FC8-3543-B95C-F6A69258F31D}.Release|x64.Build.0 = Release|x64
		{CBF50F1D-5FC8-3543-B95C-F6A69258F31D}.Release|x86.ActiveCfg = Release|x64
		{CBF50F1D-5FC8-3543-B95C-F6A69258F31D}.Release|x86.Build.0 = Release|x64
		{21654808-A78D-3F63-8BCD-CF121E4EC3DA}.Debug|Any CPU.ActiveCfg = Debug|x64
		{21654808-A78D-3F63-8BCD-CF121E4EC3DA}.Debug|Any CPU.Build.0 = Debug|x64
		{21654808-A78D-3F63-8BCD-CF121E4EC3DA}.Debug|x64.ActiveCfg = Debug|x64
		{21654808-A78D-3F63-8BCD-CF121E4EC3DA}.Debug|x64.Build.0 = Debug|x64
		{21654808-A78D-3F63-8BCD-CF121E4EC3DA}.Debug|x86.ActiveCfg = Debug|x64
		{21654808-A78D-3F63-8BCD-CF121E4EC3DA}.Debug|x86.Build.0 = Debug|x64
		{21654808-A78D-3F63-8BCD-CF121E4EC3DA}.Release|Any CPU.ActiveCfg = Release|x64
		{21654808-A78D-3F63-8BCD-CF121E4EC3DA}.Release|Any CPU.Build.0 = Release|x64
		{21654808-A78D-3F63-8BCD-CF121E4EC3DA}.Release|x64.ActiveCfg = Release|x64
		{21654808-A78D-3F63-8BCD-CF121E4EC3DA}.Release|x64.Build.0 = Release|x64
		{21654808-A78D-3F63-8BCD-CF121E4EC3DA}.Release|x86.ActiveCfg = Release|x64
		{21654808-A78D-3F63-8BCD-CF121E4EC3DA}.Release|x86.Build.0 = Release|x64
		{7835D46C-C96C-389E-AA62-3757B43FA807}.Debug|Any CPU.ActiveCfg = Debug|x64
		{7835D46C-C96C-389E-AA62-3757B43FA807}.Debug|Any CPU.Build.0 = Debug|x64
		{7835D46C-C96C-389E-AA62-3757B43FA807}.Debug|x64.ActiveCfg = Debug|x64
		{7835D46C-C96C-389E-AA62-3757B43FA807}.Debug|x64.Build.0 = Debug|x64
		{7835D46C-C96C-389E-AA62-3757B43FA807}.Debug|x86.ActiveCfg = Debug|x64
		{7835D46C-C96C-389E-AA62-3757B43FA807}.Debug|x86.Build.0 = Debug|x64
		{7835D46C-C96C-389E-AA62-3757B43FA807}.Release|Any CPU.ActiveCfg = Release|x64
		{7835D46C-C96C-389E-AA62-3757B43FA807}.Release|Any CPU.Build.0 = Release|x64
		{7835D46C-C96C-389E-AA62-3757B43FA807}.Release|x64.ActiveCfg = Release|x64
		{7835D46C-C96C-389E-AA62-3757B43FA807}.Release|x64.Build.0 = Release|x64
		{7835D46C-C96C-389E-AA62-3757B43FA807}.Release|x86.ActiveCfg = Release|x64
		{7835D46C-C96C-389E-AA62-3757B43FA807}.Release|x86.Build.0 = Release|x64
		{12656F1F-1146-3FB5-8901-28B1384EA0D4}.Debug|Any CPU.ActiveCfg = Debug|x64
		{12656F1F-1146-3FB5-8901-28B1384EA0D4}.Debug|Any CPU.Build.0 = Debug|x64
		{12656F1F-1146-3FB5-8901-28B1384EA0D4}.Debug|x64.ActiveCfg = Debug|x64
		{12656F1F-1146-3FB5-8901-28B1384EA0D4}.Debug|x64.Build.0 = Debug|x64
		{12656F1F-1146-3FB5-8901-28B1384EA0D4}.Debug|x86.ActiveCfg = Debug|x64
		{12656F1F-1146-3FB5-8901-28B1384EA0D4}.Debug|x86.Build.0 = Debug|x64
		{12656F1F-1146-3FB5-8901-28B1384EA0D4}.Release|Any CPU.ActiveCfg = Release|x64
		{12656F1F-1146-3FB5-8901-28B1384EA0D4}.Release|Any CPU.Build.0 = Release|x64
		{12656F1F-1146-3FB5-8901-28B1384EA0D4}.Release|x64.ActiveCfg = Release|x64
		{12656F1F-1146-3FB5-8901-28B1384EA0D4}.Release|x64.Build.0 = Release|x64
		{12656F1F-1146-3FB5-8901-28B1384EA0D4}.Release|x86.ActiveCfg = Release|x64
		{12656F1F-1146-3FB5-8901-28B1384EA0D4}.Release|x86.Build.0 = Release|x64
		{E672E701-3DB4-4D8F-803C-02E84F5FA2B0}.Debug|Any CPU.ActiveCfg = Debug|Any CPU
		{E672E701-3DB4-4D8F-803C-02E84F5FA2B0}.Debug|Any CPU.Build.0 = Debug|Any CPU
		{E672E701-3DB4-4D8F-803C-02E84F5FA2B0}.Debug|x64.ActiveCfg = Debug|Any CPU
		{E672E701-3DB4-4D8F-803C-02E84F5FA2B0}.Debug|x64.Build.0 = Debug|Any CPU
		{E672E701-3DB4-4D8F-803C-02E84F5FA2B0}.Debug|x86.ActiveCfg = Debug|Any CPU
		{E672E701-3DB4-4D8F-803C-02E84F5FA2B0}.Debug|x86.Build.0 = Debug|Any CPU
		{E672E701-3DB4-4D8F-803C-02E84F5FA2B0}.Release|Any CPU.ActiveCfg = Release|Any CPU
		{E672E701-3DB4-4D8F-803C-02E84F5FA2B0}.Release|Any CPU.Build.0 = Release|Any CPU
		{E672E701-3DB4-4D8F-803C-02E84F5FA2B0}.Release|x64.ActiveCfg = Release|Any CPU
		{E672E701-3DB4-4D8F-803C-02E84F5FA2B0}.Release|x64.Build.0 = Release|Any CPU
		{E672E701-3DB4-4D8F-803C-02E84F5FA2B0}.Release|x86.ActiveCfg = Release|Any CPU
		{E672E701-3DB4-4D8F-803C-02E84F5FA2B0}.Release|x86.Build.0 = Release|Any CPU
		{D18366C6-8302-4703-AEB5-AEC38E72469F}.Debug|Any CPU.ActiveCfg = Debug|Any CPU
		{D18366C6-8302-4703-AEB5-AEC38E72469F}.Debug|Any CPU.Build.0 = Debug|Any CPU
		{D18366C6-8302-4703-AEB5-AEC38E72469F}.Debug|x64.ActiveCfg = Debug|Any CPU
		{D18366C6-8302-4703-AEB5-AEC38E72469F}.Debug|x64.Build.0 = Debug|Any CPU
		{D18366C6-8302-4703-AEB5-AEC38E72469F}.Debug|x86.ActiveCfg = Debug|Any CPU
		{D18366C6-8302-4703-AEB5-AEC38E72469F}.Debug|x86.Build.0 = Debug|Any CPU
		{D18366C6-8302-4703-AEB5-AEC38E72469F}.Release|Any CPU.ActiveCfg = Release|Any CPU
		{D18366C6-8302-4703-AEB5-AEC38E72469F}.Release|Any CPU.Build.0 = Release|Any CPU
		{D18366C6-8302-4703-AEB5-AEC38E72469F}.Release|x64.ActiveCfg = Release|Any CPU
		{D18366C6-8302-4703-AEB5-AEC38E72469F}.Release|x64.Build.0 = Release|Any CPU
		{D18366C6-8302-4703-AEB5-AEC38E72469F}.Release|x86.ActiveCfg = Release|Any CPU
		{D18366C6-8302-4703-AEB5-AEC38E72469F}.Release|x86.Build.0 = Release|Any CPU
	EndGlobalSection
	GlobalSection(SolutionProperties) = preSolution
		HideSolutionNode = FALSE
	EndGlobalSection
	GlobalSection(NestedProjects) = preSolution
		{56A4E1F5-B05B-4D62-ADBE-9BE5CE0EA9EC} = {F64C9493-7459-41BE-9472-E14CA53B467B}
		{99BCC0C3-3295-4AF3-A7CF-5ED582D2FD30} = {F64C9493-7459-41BE-9472-E14CA53B467B}
		{70C75B6E-D01A-4CA1-8ADB-E6931D13EE78} = {F64C9493-7459-41BE-9472-E14CA53B467B}
		{F0D93865-4599-412E-8FCE-AA9EBBC55D3F} = {F64C9493-7459-41BE-9472-E14CA53B467B}
		{CBF50F1D-5FC8-3543-B95C-F6A69258F31D} = {F0D93865-4599-412E-8FCE-AA9EBBC55D3F}
		{21654808-A78D-3F63-8BCD-CF121E4EC3DA} = {F0D93865-4599-412E-8FCE-AA9EBBC55D3F}
		{7835D46C-C96C-389E-AA62-3757B43FA807} = {F0D93865-4599-412E-8FCE-AA9EBBC55D3F}
		{12656F1F-1146-3FB5-8901-28B1384EA0D4} = {F0D93865-4599-412E-8FCE-AA9EBBC55D3F}
	EndGlobalSection
	GlobalSection(ExtensibilityGlobals) = postSolution
		SolutionGuid = {612B2391-F94E-46C4-8E18-8CEBE7AFD527}
	EndGlobalSection
EndGlobal
